
Microsoft Visual Studio Solution File, Format Version 12.00
# Visual Studio 15
VisualStudioVersion = 15.0.26430.6
MinimumVisualStudioVersion = 10.0.40219.1
Project("{9A19103F-16F7-4668-BE54-9A1E7A4F7556}") = "01.Printing", "01.Printing\01.Printing.csproj", "{F7A4F80D-6B5A-47B0-A5CD-C0E324CADE60}"
EndProject
Project("{9A19103F-16F7-4668-BE54-9A1E7A4F7556}") = "02. Text to Number", "02. Text to Number\02. Text to Number.csproj", "{5AFA6D76-1F5A-4640-B5B8-1C5128C97010}"
EndProject
Project("{FAE04EC0-301F-11D3-BF4B-00C04F79EFBC}") = "03. Saddy Kopper", "03. Saddy Kopper\03. Saddy Kopper.csproj", "{87A5DC18-8378-44DD-AE30-81DABB2FC710}"
EndProject
Project("{FAE04EC0-301F-11D3-BF4B-00C04F79EFBC}") = "04. Cube", "04. Cube\04. Cube.csproj", "{3496CAB5-72E1-4F54-B782-AE3262003E54}"
EndProject
Project("{FAE04EC0-301F-11D3-BF4B-00C04F79EFBC}") = "05. Bits to Bits", "05. Bits to Bits\05. Bits to Bits.csproj", "{35D02E7A-6363-4CDA-A8E2-877C4D881CAD}"
EndProject
Project("{FAE04EC0-301F-11D3-BF4B-00C04F79EFBC}") = "06. Three Numbers", "06. Three Numbers\06. Three Numbers.csproj", "{9E2E041E-F431-4D4B-A640-B0BD3E1960F4}"
EndProject
Project("{FAE04EC0-301F-11D3-BF4B-00C04F79EFBC}") = "07. Decoding", "07. Decoding\07. Decoding.csproj", "{9018C07A-DF05-4433-A17C-76E14F0B6E74}"
EndProject
Project("{FAE04EC0-301F-11D3-BF4B-00C04F79EFBC}") = "08. ConsoleAplication1", "08. ConsoleAplication1\08. ConsoleAplication1.csproj", "{8631AA84-D5E8-4528-BCA1-B827E484B737}"
EndProject
Project("{FAE04EC0-301F-11D3-BF4B-00C04F79EFBC}") = "09. Persian Rugs", "09. Persian Rugs\09. Persian Rugs.csproj", "{2DF4D8E0-CEC1-467A-BA49-F36AB8FEE5D3}"
EndProject
Project("{FAE04EC0-301F-11D3-BF4B-00C04F79EFBC}") = "10. Search in Bits", "10. Search in Bits\10. Search in Bits.csproj", "{A994EF88-D909-4E7A-9A33-6E823E9331EF}"
EndProject
Project("{FAE04EC0-301F-11D3-BF4B-00C04F79EFBC}") = "11. Money", "11. Money\11. Money.csproj", "{E0A59318-EE20-4895-B90E-00F49734A814}"
EndProject
Global
	GlobalSection(SolutionConfigurationPlatforms) = preSolution
		Debug|Any CPU = Debug|Any CPU
		Release|Any CPU = Release|Any CPU
	EndGlobalSection
	GlobalSection(ProjectConfigurationPlatforms) = postSolution
		{F7A4F80D-6B5A-47B0-A5CD-C0E324CADE60}.Debug|Any CPU.ActiveCfg = Debug|Any CPU
		{F7A4F80D-6B5A-47B0-A5CD-C0E324CADE60}.Debug|Any CPU.Build.0 = Debug|Any CPU
		{F7A4F80D-6B5A-47B0-A5CD-C0E324CADE60}.Release|Any CPU.ActiveCfg = Release|Any CPU
		{F7A4F80D-6B5A-47B0-A5CD-C0E324CADE60}.Release|Any CPU.Build.0 = Release|Any CPU
		{5AFA6D76-1F5A-4640-B5B8-1C5128C97010}.Debug|Any CPU.ActiveCfg = Debug|Any CPU
		{5AFA6D76-1F5A-4640-B5B8-1C5128C97010}.Debug|Any CPU.Build.0 = Debug|Any CPU
		{5AFA6D76-1F5A-4640-B5B8-1C5128C97010}.Release|Any CPU.ActiveCfg = Release|Any CPU
		{5AFA6D76-1F5A-4640-B5B8-1C5128C97010}.Release|Any CPU.Build.0 = Release|Any CPU
		{87A5DC18-8378-44DD-AE30-81DABB2FC710}.Debug|Any CPU.ActiveCfg = Debug|Any CPU
		{87A5DC18-8378-44DD-AE30-81DABB2FC710}.Debug|Any CPU.Build.0 = Debug|Any CPU
		{87A5DC18-8378-44DD-AE30-81DABB2FC710}.Release|Any CPU.ActiveCfg = Release|Any CPU
		{87A5DC18-8378-44DD-AE30-81DABB2FC710}.Release|Any CPU.Build.0 = Release|Any CPU
		{3496CAB5-72E1-4F54-B782-AE3262003E54}.Debug|Any CPU.ActiveCfg = Debug|Any CPU
		{3496CAB5-72E1-4F54-B782-AE3262003E54}.Debug|Any CPU.Build.0 = Debug|Any CPU
		{3496CAB5-72E1-4F54-B782-AE3262003E54}.Release|Any CPU.ActiveCfg = Release|Any CPU
		{3496CAB5-72E1-4F54-B782-AE3262003E54}.Release|Any CPU.Build.0 = Release|Any CPU
		{35D02E7A-6363-4CDA-A8E2-877C4D881CAD}.Debug|Any CPU.ActiveCfg = Debug|Any CPU
		{35D02E7A-6363-4CDA-A8E2-877C4D881CAD}.Debug|Any CPU.Build.0 = Debug|Any CPU
		{35D02E7A-6363-4CDA-A8E2-877C4D881CAD}.Release|Any CPU.ActiveCfg = Release|Any CPU
		{35D02E7A-6363-4CDA-A8E2-877C4D881CAD}.Release|Any CPU.Build.0 = Release|Any CPU
		{9E2E041E-F431-4D4B-A640-B0BD3E1960F4}.Debug|Any CPU.ActiveCfg = Debug|Any CPU
		{9E2E041E-F431-4D4B-A640-B0BD3E1960F4}.Debug|Any CPU.Build.0 = Debug|Any CPU
		{9E2E041E-F431-4D4B-A640-B0BD3E1960F4}.Release|Any CPU.ActiveCfg = Release|Any CPU
		{9E2E041E-F431-4D4B-A640-B0BD3E1960F4}.Release|Any CPU.Build.0 = Release|Any CPU
		{9018C07A-DF05-4433-A17C-76E14F0B6E74}.Debug|Any CPU.ActiveCfg = Debug|Any CPU
		{9018C07A-DF05-4433-A17C-76E14F0B6E74}.Debug|Any CPU.Build.0 = Debug|Any CPU
		{9018C07A-DF05-4433-A17C-76E14F0B6E74}.Release|Any CPU.ActiveCfg = Release|Any CPU
		{9018C07A-DF05-4433-A17C-76E14F0B6E74}.Release|Any CPU.Build.0 = Release|Any CPU
		{8631AA84-D5E8-4528-BCA1-B827E484B737}.Debug|Any CPU.ActiveCfg = Debug|Any CPU
		{8631AA84-D5E8-4528-BCA1-B827E484B737}.Debug|Any CPU.Build.0 = Debug|Any CPU
		{8631AA84-D5E8-4528-BCA1-B827E484B737}.Release|Any CPU.ActiveCfg = Release|Any CPU
		{8631AA84-D5E8-4528-BCA1-B827E484B737}.Release|Any CPU.Build.0 = Release|Any CPU
		{2DF4D8E0-CEC1-467A-BA49-F36AB8FEE5D3}.Debug|Any CPU.ActiveCfg = Debug|Any CPU
		{2DF4D8E0-CEC1-467A-BA49-F36AB8FEE5D3}.Debug|Any CPU.Build.0 = Debug|Any CPU
		{2DF4D8E0-CEC1-467A-BA49-F36AB8FEE5D3}.Release|Any CPU.ActiveCfg = Release|Any CPU
		{2DF4D8E0-CEC1-467A-BA49-F36AB8FEE5D3}.Release|Any CPU.Build.0 = Release|Any CPU
		{A994EF88-D909-4E7A-9A33-6E823E9331EF}.Debug|Any CPU.ActiveCfg = Debug|Any CPU
		{A994EF88-D909-4E7A-9A33-6E823E9331EF}.Debug|Any CPU.Build.0 = Debug|Any CPU
		{A994EF88-D909-4E7A-9A33-6E823E9331EF}.Release|Any CPU.ActiveCfg = Release|Any CPU
		{A994EF88-D909-4E7A-9A33-6E823E9331EF}.Release|Any CPU.Build.0 = Release|Any CPU
		{E0A59318-EE20-4895-B90E-00F49734A814}.Debug|Any CPU.ActiveCfg = Debug|Any CPU
		{E0A59318-EE20-4895-B90E-00F49734A814}.Debug|Any CPU.Build.0 = Debug|Any CPU
		{E0A59318-EE20-4895-B90E-00F49734A814}.Release|Any CPU.ActiveCfg = Release|Any CPU
		{E0A59318-EE20-4895-B90E-00F49734A814}.Release|Any CPU.Build.0 = Release|Any CPU
	EndGlobalSection
	GlobalSection(SolutionProperties) = preSolution
		HideSolutionNode = FALSE
	EndGlobalSection
EndGlobal
